
Microsoft Visual Studio Solution File, Format Version 12.00
# Visual Studio 15
VisualStudioVersion = 15.0.28307.539
MinimumVisualStudioVersion = 10.0.40219.1
Project("{FAE04EC0-301F-11D3-BF4B-00C04F79EFBC}") = "StringAndList", "StringAndList\StringAndList.csproj", "{6E04C5EE-BCB1-4561-8A84-B5E3D192F8EB}"
EndProject
Global
	GlobalSection(SolutionConfigurationPlatforms) = preSolution
		Debug|Any CPU = Debug|Any CPU
		Release|Any CPU = Release|Any CPU
	EndGlobalSection
	GlobalSection(ProjectConfigurationPlatforms) = postSolution
		{6E04C5EE-BCB1-4561-8A84-B5E3D192F8EB}.Debug|Any CPU.ActiveCfg = Debug|Any CPU
		{6E04C5EE-BCB1-4561-8A84-B5E3D192F8EB}.Debug|Any CPU.Build.0 = Debug|Any CPU
		{6E04C5EE-BCB1-4561-8A84-B5E3D192F8EB}.Release|Any CPU.ActiveCfg = Release|Any CPU
		{6E04C5EE-BCB1-4561-8A84-B5E3D192F8EB}.Release|Any CPU.Build.0 = Release|Any CPU
	EndGlobalSection
	GlobalSection(SolutionProperties) = preSolution
		HideSolutionNode = FALSE
	EndGlobalSection
	GlobalSection(ExtensibilityGlobals) = postSolution
		SolutionGuid = {E1B125DE-F93D-48B3-BDD1-55F6476B5394}
	EndGlobalSection
EndGlobal
